
Microsoft Visual Studio Solution File, Format Version 12.00
# Visual Studio 2013
VisualStudioVersion = 12.0.31101.0
MinimumVisualStudioVersion = 10.0.40219.1
Project("{FAE04EC0-301F-11D3-BF4B-00C04F79EFBC}") = "OSIcon", "OSIcon\OSIcon.csproj", "{44DBCEDC-2E1B-408D-965A-EDED507F2407}"
EndProject
Project("{FAE04EC0-301F-11D3-BF4B-00C04F79EFBC}") = "OSIcon.Explorer", "OSIcon.Explorer\OSIcon.Explorer.csproj", "{1513C4CE-FEFE-473C-9C27-96620125AB50}"
	ProjectSection(ProjectDependencies) = postProject
		{44DBCEDC-2E1B-408D-965A-EDED507F2407} = {44DBCEDC-2E1B-408D-965A-EDED507F2407}
	EndProjectSection
EndProject
Global
	GlobalSection(SolutionConfigurationPlatforms) = preSolution
		Debug|Any CPU = Debug|Any CPU
		Release|Any CPU = Release|Any CPU
	EndGlobalSection
	GlobalSection(ProjectConfigurationPlatforms) = postSolution
		{44DBCEDC-2E1B-408D-965A-EDED507F2407}.Debug|Any CPU.ActiveCfg = Debug|Any CPU
		{44DBCEDC-2E1B-408D-965A-EDED507F2407}.Debug|Any CPU.Build.0 = Debug|Any CPU
		{44DBCEDC-2E1B-408D-965A-EDED507F2407}.Release|Any CPU.ActiveCfg = Release|Any CPU
		{44DBCEDC-2E1B-408D-965A-EDED507F2407}.Release|Any CPU.Build.0 = Release|Any CPU
		{1513C4CE-FEFE-473C-9C27-96620125AB50}.Debug|Any CPU.ActiveCfg = Debug|Any CPU
		{1513C4CE-FEFE-473C-9C27-96620125AB50}.Debug|Any CPU.Build.0 = Debug|Any CPU
		{1513C4CE-FEFE-473C-9C27-96620125AB50}.Release|Any CPU.ActiveCfg = Release|Any CPU
		{1513C4CE-FEFE-473C-9C27-96620125AB50}.Release|Any CPU.Build.0 = Release|Any CPU
	EndGlobalSection
	GlobalSection(SolutionProperties) = preSolution
		HideSolutionNode = FALSE
	EndGlobalSection
EndGlobal
